
Microsoft Visual Studio Solution File, Format Version 12.00
# Visual Studio Version 17
VisualStudioVersion = 17.2.32630.192
MinimumVisualStudioVersion = 10.0.40219.1
Project("{2150E333-8FDC-42A3-9474-1A3956D46DE8}") = "Solution Items", "Solution Items", "{639D957A-7DB1-46A8-B51A-C221B805F3ED}"
	ProjectSection(SolutionItems) = preProject
		README.md = README.md
	EndProjectSection
EndProject
Project("{2150E333-8FDC-42A3-9474-1A3956D46DE8}") = "ItemsControl", "ItemsControl", "{8CC1E22F-E912-480C-878E-C5DD45A3771D}"
EndProject
Project("{9A19103F-16F7-4668-BE54-9A1E7A4F7556}") = "Test0", "ItemsControl\Test0\Test0.csproj", "{DA33A8B6-2173-42CF-B858-757423A9581B}"
EndProject
Project("{2150E333-8FDC-42A3-9474-1A3956D46DE8}") = "Doc", "Doc", "{B05DA53B-1238-41EE-83BF-A1D75C7DB2C4}"
	ProjectSection(SolutionItems) = preProject
		..\..\..\TEMP\wpf-main\src\Microsoft.DotNet.Wpf\src\Themes\XAML\ContentControl.xaml = ..\..\..\TEMP\wpf-main\src\Microsoft.DotNet.Wpf\src\Themes\XAML\ContentControl.xaml
		..\..\..\TEMP\wpf-main\src\Microsoft.DotNet.Wpf\src\Themes\XAML\ItemsControl.xaml = ..\..\..\TEMP\wpf-main\src\Microsoft.DotNet.Wpf\src\Themes\XAML\ItemsControl.xaml
		..\..\..\TEMP\wpf-main\src\Microsoft.DotNet.Wpf\src\Themes\XAML\TreeViewItem.xaml = ..\..\..\TEMP\wpf-main\src\Microsoft.DotNet.Wpf\src\Themes\XAML\TreeViewItem.xaml
	EndProjectSection
EndProject
Project("{9A19103F-16F7-4668-BE54-9A1E7A4F7556}") = "TestListBox0", "ItemsControl\TestListBox0\TestListBox0.csproj", "{3B344945-2716-4787-BE67-1767D5194ED2}"
EndProject
Project("{9A19103F-16F7-4668-BE54-9A1E7A4F7556}") = "ItemsControlLib", "ItemsControl\ItemsControlLib\ItemsControlLib.csproj", "{99A157D6-C946-4364-93E8-25C0DE35478F}"
EndProject
Project("{9A19103F-16F7-4668-BE54-9A1E7A4F7556}") = "TestTreeView0", "ItemsControl\TestTreeView0\TestTreeView0.csproj", "{34E6167B-2957-4F1E-BEB2-C9E0BABEFAD4}"
EndProject
Project("{9A19103F-16F7-4668-BE54-9A1E7A4F7556}") = "Test_ItemsControl1", "ItemsControl\TestItemsControl1\Test_ItemsControl1.csproj", "{79A4E581-A412-47BE-AF5B-7E6077C6E352}"
EndProject
Project("{2150E333-8FDC-42A3-9474-1A3956D46DE8}") = "Tests", "Tests", "{1218B168-9157-4A2B-A4D9-F091357D52E8}"
EndProject
Project("{2150E333-8FDC-42A3-9474-1A3956D46DE8}") = "Doc", "Doc", "{042CBC3D-6731-475C-96C6-D1D1F31FCE1F}"
	ProjectSection(SolutionItems) = preProject
		Doc\Notes.md = Doc\Notes.md
	EndProjectSection
EndProject
Project("{2150E333-8FDC-42A3-9474-1A3956D46DE8}") = "Controls", "Controls", "{930F0DBF-1870-46EA-8C3E-0ABB20DB7F5A}"
EndProject
Project("{9A19103F-16F7-4668-BE54-9A1E7A4F7556}") = "Test0", "Tests\Test0\Test0.csproj", "{B61E690F-4C4A-42A7-B5FD-F8239270736E}"
EndProject
Project("{9A19103F-16F7-4668-BE54-9A1E7A4F7556}") = "TestHeaderedContainers", "Controls\TestHeaderedContainers\TestHeaderedContainers.csproj", "{3C98B564-421E-48FC-BF74-C87F457CA0D4}"
EndProject
Project("{2150E333-8FDC-42A3-9474-1A3956D46DE8}") = "Doc", "Doc", "{3908CE1E-F5FF-4F3F-B350-72CAFEC44971}"
	ProjectSection(SolutionItems) = preProject
		Controls\Doc\Control.md = Controls\Doc\Control.md
		Controls\Doc\Controls.md = Controls\Doc\Controls.md
		Controls\Doc\DataGrid.md = Controls\Doc\DataGrid.md
		Controls\Doc\HeaderedItemsControl.md = Controls\Doc\HeaderedItemsControl.md
		Controls\Doc\ItemsControl.md = Controls\Doc\ItemsControl.md
		Controls\Doc\ListBox.md = Controls\Doc\ListBox.md
		Controls\Doc\Panels.md = Controls\Doc\Panels.md
		Controls\Doc\ScrollViewer.md = Controls\Doc\ScrollViewer.md
		Controls\Doc\Selector.md = Controls\Doc\Selector.md
		Controls\Doc\TreeView.md = Controls\Doc\TreeView.md
	EndProjectSection
EndProject
Project("{2150E333-8FDC-42A3-9474-1A3956D46DE8}") = "CSharp", "CSharp", "{EA555432-05EA-491B-B2DF-6890B12A1B68}"
EndProject
Project("{2150E333-8FDC-42A3-9474-1A3956D46DE8}") = "Doc", "Doc", "{D38E8301-051F-45B5-831B-B89D5534838F}"
	ProjectSection(SolutionItems) = preProject
		CSharp\Doc\CSharp.Tricks.md = CSharp\Doc\CSharp.Tricks.md
		CSharp\Doc\CSharp_DelegatesLambdas.md = CSharp\Doc\CSharp_DelegatesLambdas.md
		CSharp\Doc\CSharp_Events.md = CSharp\Doc\CSharp_Events.md
	EndProjectSection
EndProject
Project("{9A19103F-16F7-4668-BE54-9A1E7A4F7556}") = "DelegatesLambdas", "Tests\DelegatesLambdas\DelegatesLambdas.csproj", "{A2ABA881-F969-42D3-B927-39C7F6CAAF22}"
EndProject
Project("{9A19103F-16F7-4668-BE54-9A1E7A4F7556}") = "Events", "CSharp\Events\Events.csproj", "{0F53A9B1-DC5A-4385-BA3F-90B4193C7E15}"
EndProject
Project("{2150E333-8FDC-42A3-9474-1A3956D46DE8}") = "WPF", "WPF", "{5AB7A0EA-A6C9-4F0A-AAFE-D3F751BD3E4B}"
EndProject
Project("{2150E333-8FDC-42A3-9474-1A3956D46DE8}") = "Doc", "Doc", "{0FC144ED-D990-4F56-82F1-32C670AE8CC2}"
	ProjectSection(SolutionItems) = preProject
		WPF\Doc\Application Management.md = WPF\Doc\Application Management.md
		WPF\Doc\FrameworkElement.md = WPF\Doc\FrameworkElement.md
		WPF\Doc\MarkupExtension.md = WPF\Doc\MarkupExtension.md
		WPF\Doc\TypeConverter.md = WPF\Doc\TypeConverter.md
		WPF\Doc\UIElement.md = WPF\Doc\UIElement.md
		WPF\Doc\Visual.md = WPF\Doc\Visual.md
		WPF\Doc\WPF.md = WPF\Doc\WPF.md
		WPF\Doc\WPF.Tricks.md = WPF\Doc\WPF.Tricks.md
	EndProjectSection
EndProject
Project("{2150E333-8FDC-42A3-9474-1A3956D46DE8}") = "Visuals", "Visuals", "{7C6A6A38-F481-4C26-B617-D7B320197705}"
EndProject
Project("{9A19103F-16F7-4668-BE54-9A1E7A4F7556}") = "TestDrawingVisual", "Visuals\TestDrawingVisual\TestDrawingVisual.csproj", "{5E2FAB95-5F19-4471-9E61-49BB49475A96}"
EndProject
Project("{2150E333-8FDC-42A3-9474-1A3956D46DE8}") = "Doc", "Doc", "{C3115468-F025-4544-B779-576A9E760785}"
	ProjectSection(SolutionItems) = preProject
		Visuals\Doc\DrawingVisual.md = Visuals\Doc\DrawingVisual.md
	EndProjectSection
EndProject
Project("{2150E333-8FDC-42A3-9474-1A3956D46DE8}") = "Menus", "Menus", "{730D570F-284D-4391-97F6-A86537CE4B29}"
EndProject
Project("{9A19103F-16F7-4668-BE54-9A1E7A4F7556}") = "TestMenus0", "Menus\TestMenus0\TestMenus0.csproj", "{1A99D893-85D1-4323-9A5F-803C3F0DC1CE}"
EndProject
Project("{2150E333-8FDC-42A3-9474-1A3956D46DE8}") = "Doc", "Doc", "{D3C1D9BB-D2E9-4D5B-8D94-3C5D367DC7CA}"
EndProject
Project("{2150E333-8FDC-42A3-9474-1A3956D46DE8}") = "Binding", "Binding", "{F9C66C17-FA2E-49D2-8DCD-EDC0770C71BC}"
EndProject
Project("{2150E333-8FDC-42A3-9474-1A3956D46DE8}") = "Doc", "Doc", "{43C8F0C3-27C3-4035-AD4F-2F7E01656B6A}"
	ProjectSection(SolutionItems) = preProject
		Binding\Doc\Binding.md = Binding\Doc\Binding.md
	EndProjectSection
EndProject
Project("{9A19103F-16F7-4668-BE54-9A1E7A4F7556}") = "TestBinding0", "Binding\TestBinding0\TestBinding0.csproj", "{A944EE8F-1B31-432C-AF74-DEC5BEDE7B93}"
EndProject
Project("{2150E333-8FDC-42A3-9474-1A3956D46DE8}") = "Resources", "Resources", "{19866333-0B00-4A08-AF5C-8CAA3244021B}"
EndProject
Project("{2150E333-8FDC-42A3-9474-1A3956D46DE8}") = "Doc", "Doc", "{869CBA54-727E-46E0-BA85-B46EE06560F5}"
	ProjectSection(SolutionItems) = preProject
		Resources\Doc\Resources.md = Resources\Doc\Resources.md
	EndProjectSection
EndProject
Project("{9A19103F-16F7-4668-BE54-9A1E7A4F7556}") = "TestResources0", "Resources\TestResources0\TestResources0.csproj", "{58365CEF-03E1-4B81-9A06-A89A8EF1ED41}"
EndProject
Project("{2150E333-8FDC-42A3-9474-1A3956D46DE8}") = "VisualStudio", "VisualStudio", "{0428AA0E-1D7D-4F69-9FFB-AA0BCCDC5EF5}"
EndProject
Project("{2150E333-8FDC-42A3-9474-1A3956D46DE8}") = "Doc", "Doc", "{8F4B4010-6059-4CF0-9454-88521221A4EB}"
	ProjectSection(SolutionItems) = preProject
		VisualStudio\Doc\ProjectFiles_MSBuild.md = VisualStudio\Doc\ProjectFiles_MSBuild.md
		VisualStudio\Doc\VisualStudio.md = VisualStudio\Doc\VisualStudio.md
	EndProjectSection
EndProject
Project("{FAE04EC0-301F-11D3-BF4B-00C04F79EFBC}") = "ResourceAssembly", "ResourceAssembly\ResourceAssembly.csproj", "{0E6109D3-47A2-4756-A45F-E19D64D09613}"
EndProject
Global
	GlobalSection(SolutionConfigurationPlatforms) = preSolution
		Debug|Any CPU = Debug|Any CPU
		Debug|ARM64 = Debug|ARM64
		Debug|x64 = Debug|x64
		Debug|x86 = Debug|x86
		Release|Any CPU = Release|Any CPU
		Release|ARM64 = Release|ARM64
		Release|x64 = Release|x64
		Release|x86 = Release|x86
	EndGlobalSection
	GlobalSection(ProjectConfigurationPlatforms) = postSolution
		{DA33A8B6-2173-42CF-B858-757423A9581B}.Debug|Any CPU.ActiveCfg = Debug|Any CPU
		{DA33A8B6-2173-42CF-B858-757423A9581B}.Debug|Any CPU.Build.0 = Debug|Any CPU
		{DA33A8B6-2173-42CF-B858-757423A9581B}.Debug|ARM64.ActiveCfg = Debug|ARM64
		{DA33A8B6-2173-42CF-B858-757423A9581B}.Debug|ARM64.Build.0 = Debug|ARM64
		{DA33A8B6-2173-42CF-B858-757423A9581B}.Debug|x64.ActiveCfg = Debug|Any CPU
		{DA33A8B6-2173-42CF-B858-757423A9581B}.Debug|x64.Build.0 = Debug|Any CPU
		{DA33A8B6-2173-42CF-B858-757423A9581B}.Debug|x86.ActiveCfg = Debug|x86
		{DA33A8B6-2173-42CF-B858-757423A9581B}.Debug|x86.Build.0 = Debug|x86
		{DA33A8B6-2173-42CF-B858-757423A9581B}.Release|Any CPU.ActiveCfg = Release|Any CPU
		{DA33A8B6-2173-42CF-B858-757423A9581B}.Release|Any CPU.Build.0 = Release|Any CPU
		{DA33A8B6-2173-42CF-B858-757423A9581B}.Release|ARM64.ActiveCfg = Release|ARM64
		{DA33A8B6-2173-42CF-B858-757423A9581B}.Release|ARM64.Build.0 = Release|ARM64
		{DA33A8B6-2173-42CF-B858-757423A9581B}.Release|x64.ActiveCfg = Release|Any CPU
		{DA33A8B6-2173-42CF-B858-757423A9581B}.Release|x64.Build.0 = Release|Any CPU
		{DA33A8B6-2173-42CF-B858-757423A9581B}.Release|x86.ActiveCfg = Release|x86
		{DA33A8B6-2173-42CF-B858-757423A9581B}.Release|x86.Build.0 = Release|x86
		{3B344945-2716-4787-BE67-1767D5194ED2}.Debug|Any CPU.ActiveCfg = Debug|Any CPU
		{3B344945-2716-4787-BE67-1767D5194ED2}.Debug|Any CPU.Build.0 = Debug|Any CPU
		{3B344945-2716-4787-BE67-1767D5194ED2}.Debug|ARM64.ActiveCfg = Debug|ARM64
		{3B344945-2716-4787-BE67-1767D5194ED2}.Debug|ARM64.Build.0 = Debug|ARM64
		{3B344945-2716-4787-BE67-1767D5194ED2}.Debug|x64.ActiveCfg = Debug|Any CPU
		{3B344945-2716-4787-BE67-1767D5194ED2}.Debug|x64.Build.0 = Debug|Any CPU
		{3B344945-2716-4787-BE67-1767D5194ED2}.Debug|x86.ActiveCfg = Debug|x86
		{3B344945-2716-4787-BE67-1767D5194ED2}.Debug|x86.Build.0 = Debug|x86
		{3B344945-2716-4787-BE67-1767D5194ED2}.Release|Any CPU.ActiveCfg = Release|Any CPU
		{3B344945-2716-4787-BE67-1767D5194ED2}.Release|Any CPU.Build.0 = Release|Any CPU
		{3B344945-2716-4787-BE67-1767D5194ED2}.Release|ARM64.ActiveCfg = Release|ARM64
		{3B344945-2716-4787-BE67-1767D5194ED2}.Release|ARM64.Build.0 = Release|ARM64
		{3B344945-2716-4787-BE67-1767D5194ED2}.Release|x64.ActiveCfg = Release|Any CPU
		{3B344945-2716-4787-BE67-1767D5194ED2}.Release|x64.Build.0 = Release|Any CPU
		{3B344945-2716-4787-BE67-1767D5194ED2}.Release|x86.ActiveCfg = Release|x86
		{3B344945-2716-4787-BE67-1767D5194ED2}.Release|x86.Build.0 = Release|x86
		{99A157D6-C946-4364-93E8-25C0DE35478F}.Debug|Any CPU.ActiveCfg = Debug|Any CPU
		{99A157D6-C946-4364-93E8-25C0DE35478F}.Debug|Any CPU.Build.0 = Debug|Any CPU
		{99A157D6-C946-4364-93E8-25C0DE35478F}.Debug|ARM64.ActiveCfg = Debug|ARM64
		{99A157D6-C946-4364-93E8-25C0DE35478F}.Debug|ARM64.Build.0 = Debug|ARM64
		{99A157D6-C946-4364-93E8-25C0DE35478F}.Debug|x64.ActiveCfg = Debug|Any CPU
		{99A157D6-C946-4364-93E8-25C0DE35478F}.Debug|x64.Build.0 = Debug|Any CPU
		{99A157D6-C946-4364-93E8-25C0DE35478F}.Debug|x86.ActiveCfg = Debug|x86
		{99A157D6-C946-4364-93E8-25C0DE35478F}.Debug|x86.Build.0 = Debug|x86
		{99A157D6-C946-4364-93E8-25C0DE35478F}.Release|Any CPU.ActiveCfg = Release|Any CPU
		{99A157D6-C946-4364-93E8-25C0DE35478F}.Release|Any CPU.Build.0 = Release|Any CPU
		{99A157D6-C946-4364-93E8-25C0DE35478F}.Release|ARM64.ActiveCfg = Release|ARM64
		{99A157D6-C946-4364-93E8-25C0DE35478F}.Release|ARM64.Build.0 = Release|ARM64
		{99A157D6-C946-4364-93E8-25C0DE35478F}.Release|x64.ActiveCfg = Release|Any CPU
		{99A157D6-C946-4364-93E8-25C0DE35478F}.Release|x64.Build.0 = Release|Any CPU
		{99A157D6-C946-4364-93E8-25C0DE35478F}.Release|x86.ActiveCfg = Release|x86
		{99A157D6-C946-4364-93E8-25C0DE35478F}.Release|x86.Build.0 = Release|x86
		{34E6167B-2957-4F1E-BEB2-C9E0BABEFAD4}.Debug|Any CPU.ActiveCfg = Debug|Any CPU
		{34E6167B-2957-4F1E-BEB2-C9E0BABEFAD4}.Debug|Any CPU.Build.0 = Debug|Any CPU
		{34E6167B-2957-4F1E-BEB2-C9E0BABEFAD4}.Debug|ARM64.ActiveCfg = Debug|ARM64
		{34E6167B-2957-4F1E-BEB2-C9E0BABEFAD4}.Debug|ARM64.Build.0 = Debug|ARM64
		{34E6167B-2957-4F1E-BEB2-C9E0BABEFAD4}.Debug|x64.ActiveCfg = Debug|Any CPU
		{34E6167B-2957-4F1E-BEB2-C9E0BABEFAD4}.Debug|x64.Build.0 = Debug|Any CPU
		{34E6167B-2957-4F1E-BEB2-C9E0BABEFAD4}.Debug|x86.ActiveCfg = Debug|x86
		{34E6167B-2957-4F1E-BEB2-C9E0BABEFAD4}.Debug|x86.Build.0 = Debug|x86
		{34E6167B-2957-4F1E-BEB2-C9E0BABEFAD4}.Release|Any CPU.ActiveCfg = Release|Any CPU
		{34E6167B-2957-4F1E-BEB2-C9E0BABEFAD4}.Release|Any CPU.Build.0 = Release|Any CPU
		{34E6167B-2957-4F1E-BEB2-C9E0BABEFAD4}.Release|ARM64.ActiveCfg = Release|ARM64
		{34E6167B-2957-4F1E-BEB2-C9E0BABEFAD4}.Release|ARM64.Build.0 = Release|ARM64
		{34E6167B-2957-4F1E-BEB2-C9E0BABEFAD4}.Release|x64.ActiveCfg = Release|Any CPU
		{34E6167B-2957-4F1E-BEB2-C9E0BABEFAD4}.Release|x64.Build.0 = Release|Any CPU
		{34E6167B-2957-4F1E-BEB2-C9E0BABEFAD4}.Release|x86.ActiveCfg = Release|x86
		{34E6167B-2957-4F1E-BEB2-C9E0BABEFAD4}.Release|x86.Build.0 = Release|x86
		{79A4E581-A412-47BE-AF5B-7E6077C6E352}.Debug|Any CPU.ActiveCfg = Debug|Any CPU
		{79A4E581-A412-47BE-AF5B-7E6077C6E352}.Debug|Any CPU.Build.0 = Debug|Any CPU
		{79A4E581-A412-47BE-AF5B-7E6077C6E352}.Debug|ARM64.ActiveCfg = Debug|ARM64
		{79A4E581-A412-47BE-AF5B-7E6077C6E352}.Debug|ARM64.Build.0 = Debug|ARM64
		{79A4E581-A412-47BE-AF5B-7E6077C6E352}.Debug|x64.ActiveCfg = Debug|Any CPU
		{79A4E581-A412-47BE-AF5B-7E6077C6E352}.Debug|x64.Build.0 = Debug|Any CPU
		{79A4E581-A412-47BE-AF5B-7E6077C6E352}.Debug|x86.ActiveCfg = Debug|x86
		{79A4E581-A412-47BE-AF5B-7E6077C6E352}.Debug|x86.Build.0 = Debug|x86
		{79A4E581-A412-47BE-AF5B-7E6077C6E352}.Release|Any CPU.ActiveCfg = Release|Any CPU
		{79A4E581-A412-47BE-AF5B-7E6077C6E352}.Release|Any CPU.Build.0 = Release|Any CPU
		{79A4E581-A412-47BE-AF5B-7E6077C6E352}.Release|ARM64.ActiveCfg = Release|ARM64
		{79A4E581-A412-47BE-AF5B-7E6077C6E352}.Release|ARM64.Build.0 = Release|ARM64
		{79A4E581-A412-47BE-AF5B-7E6077C6E352}.Release|x64.ActiveCfg = Release|Any CPU
		{79A4E581-A412-47BE-AF5B-7E6077C6E352}.Release|x64.Build.0 = Release|Any CPU
		{79A4E581-A412-47BE-AF5B-7E6077C6E352}.Release|x86.ActiveCfg = Release|x86
		{79A4E581-A412-47BE-AF5B-7E6077C6E352}.Release|x86.Build.0 = Release|x86
		{B61E690F-4C4A-42A7-B5FD-F8239270736E}.Debug|Any CPU.ActiveCfg = Debug|Any CPU
		{B61E690F-4C4A-42A7-B5FD-F8239270736E}.Debug|Any CPU.Build.0 = Debug|Any CPU
		{B61E690F-4C4A-42A7-B5FD-F8239270736E}.Debug|ARM64.ActiveCfg = Debug|ARM64
		{B61E690F-4C4A-42A7-B5FD-F8239270736E}.Debug|ARM64.Build.0 = Debug|ARM64
		{B61E690F-4C4A-42A7-B5FD-F8239270736E}.Debug|x64.ActiveCfg = Debug|Any CPU
		{B61E690F-4C4A-42A7-B5FD-F8239270736E}.Debug|x64.Build.0 = Debug|Any CPU
		{B61E690F-4C4A-42A7-B5FD-F8239270736E}.Debug|x86.ActiveCfg = Debug|x86
		{B61E690F-4C4A-42A7-B5FD-F8239270736E}.Debug|x86.Build.0 = Debug|x86
		{B61E690F-4C4A-42A7-B5FD-F8239270736E}.Release|Any CPU.ActiveCfg = Release|Any CPU
		{B61E690F-4C4A-42A7-B5FD-F8239270736E}.Release|Any CPU.Build.0 = Release|Any CPU
		{B61E690F-4C4A-42A7-B5FD-F8239270736E}.Release|ARM64.ActiveCfg = Release|ARM64
		{B61E690F-4C4A-42A7-B5FD-F8239270736E}.Release|ARM64.Build.0 = Release|ARM64
		{B61E690F-4C4A-42A7-B5FD-F8239270736E}.Release|x64.ActiveCfg = Release|Any CPU
		{B61E690F-4C4A-42A7-B5FD-F8239270736E}.Release|x64.Build.0 = Release|Any CPU
		{B61E690F-4C4A-42A7-B5FD-F8239270736E}.Release|x86.ActiveCfg = Release|x86
		{B61E690F-4C4A-42A7-B5FD-F8239270736E}.Release|x86.Build.0 = Release|x86
		{3C98B564-421E-48FC-BF74-C87F457CA0D4}.Debug|Any CPU.ActiveCfg = Debug|Any CPU
		{3C98B564-421E-48FC-BF74-C87F457CA0D4}.Debug|Any CPU.Build.0 = Debug|Any CPU
		{3C98B564-421E-48FC-BF74-C87F457CA0D4}.Debug|ARM64.ActiveCfg = Debug|ARM64
		{3C98B564-421E-48FC-BF74-C87F457CA0D4}.Debug|ARM64.Build.0 = Debug|ARM64
		{3C98B564-421E-48FC-BF74-C87F457CA0D4}.Debug|x64.ActiveCfg = Debug|Any CPU
		{3C98B564-421E-48FC-BF74-C87F457CA0D4}.Debug|x64.Build.0 = Debug|Any CPU
		{3C98B564-421E-48FC-BF74-C87F457CA0D4}.Debug|x86.ActiveCfg = Debug|x86
		{3C98B564-421E-48FC-BF74-C87F457CA0D4}.Debug|x86.Build.0 = Debug|x86
		{3C98B564-421E-48FC-BF74-C87F457CA0D4}.Release|Any CPU.ActiveCfg = Release|Any CPU
		{3C98B564-421E-48FC-BF74-C87F457CA0D4}.Release|Any CPU.Build.0 = Release|Any CPU
		{3C98B564-421E-48FC-BF74-C87F457CA0D4}.Release|ARM64.ActiveCfg = Release|ARM64
		{3C98B564-421E-48FC-BF74-C87F457CA0D4}.Release|ARM64.Build.0 = Release|ARM64
		{3C98B564-421E-48FC-BF74-C87F457CA0D4}.Release|x64.ActiveCfg = Release|Any CPU
		{3C98B564-421E-48FC-BF74-C87F457CA0D4}.Release|x64.Build.0 = Release|Any CPU
		{3C98B564-421E-48FC-BF74-C87F457CA0D4}.Release|x86.ActiveCfg = Release|x86
		{3C98B564-421E-48FC-BF74-C87F457CA0D4}.Release|x86.Build.0 = Release|x86
		{A2ABA881-F969-42D3-B927-39C7F6CAAF22}.Debug|Any CPU.ActiveCfg = Debug|Any CPU
		{A2ABA881-F969-42D3-B927-39C7F6CAAF22}.Debug|Any CPU.Build.0 = Debug|Any CPU
		{A2ABA881-F969-42D3-B927-39C7F6CAAF22}.Debug|ARM64.ActiveCfg = Debug|ARM64
		{A2ABA881-F969-42D3-B927-39C7F6CAAF22}.Debug|ARM64.Build.0 = Debug|ARM64
		{A2ABA881-F969-42D3-B927-39C7F6CAAF22}.Debug|x64.ActiveCfg = Debug|Any CPU
		{A2ABA881-F969-42D3-B927-39C7F6CAAF22}.Debug|x64.Build.0 = Debug|Any CPU
		{A2ABA881-F969-42D3-B927-39C7F6CAAF22}.Debug|x86.ActiveCfg = Debug|x86
		{A2ABA881-F969-42D3-B927-39C7F6CAAF22}.Debug|x86.Build.0 = Debug|x86
		{A2ABA881-F969-42D3-B927-39C7F6CAAF22}.Release|Any CPU.ActiveCfg = Release|Any CPU
		{A2ABA881-F969-42D3-B927-39C7F6CAAF22}.Release|Any CPU.Build.0 = Release|Any CPU
		{A2ABA881-F969-42D3-B927-39C7F6CAAF22}.Release|ARM64.ActiveCfg = Release|ARM64
		{A2ABA881-F969-42D3-B927-39C7F6CAAF22}.Release|ARM64.Build.0 = Release|ARM64
		{A2ABA881-F969-42D3-B927-39C7F6CAAF22}.Release|x64.ActiveCfg = Release|Any CPU
		{A2ABA881-F969-42D3-B927-39C7F6CAAF22}.Release|x86.ActiveCfg = Release|x86
		{A2ABA881-F969-42D3-B927-39C7F6CAAF22}.Release|x86.Build.0 = Release|x86
		{0F53A9B1-DC5A-4385-BA3F-90B4193C7E15}.Debug|Any CPU.ActiveCfg = Debug|Any CPU
		{0F53A9B1-DC5A-4385-BA3F-90B4193C7E15}.Debug|Any CPU.Build.0 = Debug|Any CPU
		{0F53A9B1-DC5A-4385-BA3F-90B4193C7E15}.Debug|ARM64.ActiveCfg = Debug|ARM64
		{0F53A9B1-DC5A-4385-BA3F-90B4193C7E15}.Debug|ARM64.Build.0 = Debug|ARM64
		{0F53A9B1-DC5A-4385-BA3F-90B4193C7E15}.Debug|x64.ActiveCfg = Debug|Any CPU
		{0F53A9B1-DC5A-4385-BA3F-90B4193C7E15}.Debug|x64.Build.0 = Debug|Any CPU
		{0F53A9B1-DC5A-4385-BA3F-90B4193C7E15}.Debug|x86.ActiveCfg = Debug|x86
		{0F53A9B1-DC5A-4385-BA3F-90B4193C7E15}.Debug|x86.Build.0 = Debug|x86
		{0F53A9B1-DC5A-4385-BA3F-90B4193C7E15}.Release|Any CPU.ActiveCfg = Release|Any CPU
		{0F53A9B1-DC5A-4385-BA3F-90B4193C7E15}.Release|Any CPU.Build.0 = Release|Any CPU
		{0F53A9B1-DC5A-4385-BA3F-90B4193C7E15}.Release|ARM64.ActiveCfg = Release|ARM64
		{0F53A9B1-DC5A-4385-BA3F-90B4193C7E15}.Release|ARM64.Build.0 = Release|ARM64
		{0F53A9B1-DC5A-4385-BA3F-90B4193C7E15}.Release|x64.ActiveCfg = Release|Any CPU
		{0F53A9B1-DC5A-4385-BA3F-90B4193C7E15}.Release|x64.Build.0 = Release|Any CPU
		{0F53A9B1-DC5A-4385-BA3F-90B4193C7E15}.Release|x86.ActiveCfg = Release|x86
		{0F53A9B1-DC5A-4385-BA3F-90B4193C7E15}.Release|x86.Build.0 = Release|x86
		{5E2FAB95-5F19-4471-9E61-49BB49475A96}.Debug|Any CPU.ActiveCfg = Debug|Any CPU
		{5E2FAB95-5F19-4471-9E61-49BB49475A96}.Debug|Any CPU.Build.0 = Debug|Any CPU
		{5E2FAB95-5F19-4471-9E61-49BB49475A96}.Debug|ARM64.ActiveCfg = Debug|ARM64
		{5E2FAB95-5F19-4471-9E61-49BB49475A96}.Debug|ARM64.Build.0 = Debug|ARM64
		{5E2FAB95-5F19-4471-9E61-49BB49475A96}.Debug|x64.ActiveCfg = Debug|Any CPU
		{5E2FAB95-5F19-4471-9E61-49BB49475A96}.Debug|x64.Build.0 = Debug|Any CPU
		{5E2FAB95-5F19-4471-9E61-49BB49475A96}.Debug|x86.ActiveCfg = Debug|x86
		{5E2FAB95-5F19-4471-9E61-49BB49475A96}.Debug|x86.Build.0 = Debug|x86
		{5E2FAB95-5F19-4471-9E61-49BB49475A96}.Release|Any CPU.ActiveCfg = Release|Any CPU
		{5E2FAB95-5F19-4471-9E61-49BB49475A96}.Release|Any CPU.Build.0 = Release|Any CPU
		{5E2FAB95-5F19-4471-9E61-49BB49475A96}.Release|ARM64.ActiveCfg = Release|ARM64
		{5E2FAB95-5F19-4471-9E61-49BB49475A96}.Release|ARM64.Build.0 = Release|ARM64
		{5E2FAB95-5F19-4471-9E61-49BB49475A96}.Release|x64.ActiveCfg = Release|Any CPU
		{5E2FAB95-5F19-4471-9E61-49BB49475A96}.Release|x64.Build.0 = Release|Any CPU
		{5E2FAB95-5F19-4471-9E61-49BB49475A96}.Release|x86.ActiveCfg = Release|x86
		{5E2FAB95-5F19-4471-9E61-49BB49475A96}.Release|x86.Build.0 = Release|x86
		{1A99D893-85D1-4323-9A5F-803C3F0DC1CE}.Debug|Any CPU.ActiveCfg = Debug|Any CPU
		{1A99D893-85D1-4323-9A5F-803C3F0DC1CE}.Debug|Any CPU.Build.0 = Debug|Any CPU
		{1A99D893-85D1-4323-9A5F-803C3F0DC1CE}.Debug|ARM64.ActiveCfg = Debug|ARM64
		{1A99D893-85D1-4323-9A5F-803C3F0DC1CE}.Debug|ARM64.Build.0 = Debug|ARM64
		{1A99D893-85D1-4323-9A5F-803C3F0DC1CE}.Debug|x64.ActiveCfg = Debug|Any CPU
		{1A99D893-85D1-4323-9A5F-803C3F0DC1CE}.Debug|x64.Build.0 = Debug|Any CPU
		{1A99D893-85D1-4323-9A5F-803C3F0DC1CE}.Debug|x86.ActiveCfg = Debug|x86
		{1A99D893-85D1-4323-9A5F-803C3F0DC1CE}.Debug|x86.Build.0 = Debug|x86
		{1A99D893-85D1-4323-9A5F-803C3F0DC1CE}.Release|Any CPU.ActiveCfg = Release|Any CPU
		{1A99D893-85D1-4323-9A5F-803C3F0DC1CE}.Release|Any CPU.Build.0 = Release|Any CPU
		{1A99D893-85D1-4323-9A5F-803C3F0DC1CE}.Release|ARM64.ActiveCfg = Release|ARM64
		{1A99D893-85D1-4323-9A5F-803C3F0DC1CE}.Release|ARM64.Build.0 = Release|ARM64
		{1A99D893-85D1-4323-9A5F-803C3F0DC1CE}.Release|x64.ActiveCfg = Release|Any CPU
		{1A99D893-85D1-4323-9A5F-803C3F0DC1CE}.Release|x64.Build.0 = Release|Any CPU
		{1A99D893-85D1-4323-9A5F-803C3F0DC1CE}.Release|x86.ActiveCfg = Release|x86
		{1A99D893-85D1-4323-9A5F-803C3F0DC1CE}.Release|x86.Build.0 = Release|x86
		{A944EE8F-1B31-432C-AF74-DEC5BEDE7B93}.Debug|Any CPU.ActiveCfg = Debug|Any CPU
		{A944EE8F-1B31-432C-AF74-DEC5BEDE7B93}.Debug|Any CPU.Build.0 = Debug|Any CPU
		{A944EE8F-1B31-432C-AF74-DEC5BEDE7B93}.Debug|ARM64.ActiveCfg = Debug|ARM64
		{A944EE8F-1B31-432C-AF74-DEC5BEDE7B93}.Debug|ARM64.Build.0 = Debug|ARM64
		{A944EE8F-1B31-432C-AF74-DEC5BEDE7B93}.Debug|x64.ActiveCfg = Debug|Any CPU
		{A944EE8F-1B31-432C-AF74-DEC5BEDE7B93}.Debug|x64.Build.0 = Debug|Any CPU
		{A944EE8F-1B31-432C-AF74-DEC5BEDE7B93}.Debug|x86.ActiveCfg = Debug|x86
		{A944EE8F-1B31-432C-AF74-DEC5BEDE7B93}.Debug|x86.Build.0 = Debug|x86
		{A944EE8F-1B31-432C-AF74-DEC5BEDE7B93}.Release|Any CPU.ActiveCfg = Release|Any CPU
		{A944EE8F-1B31-432C-AF74-DEC5BEDE7B93}.Release|Any CPU.Build.0 = Release|Any CPU
		{A944EE8F-1B31-432C-AF74-DEC5BEDE7B93}.Release|ARM64.ActiveCfg = Release|ARM64
		{A944EE8F-1B31-432C-AF74-DEC5BEDE7B93}.Release|ARM64.Build.0 = Release|ARM64
		{A944EE8F-1B31-432C-AF74-DEC5BEDE7B93}.Release|x64.ActiveCfg = Release|Any CPU
		{A944EE8F-1B31-432C-AF74-DEC5BEDE7B93}.Release|x64.Build.0 = Release|Any CPU
		{A944EE8F-1B31-432C-AF74-DEC5BEDE7B93}.Release|x86.ActiveCfg = Release|x86
		{A944EE8F-1B31-432C-AF74-DEC5BEDE7B93}.Release|x86.Build.0 = Release|x86
		{58365CEF-03E1-4B81-9A06-A89A8EF1ED41}.Debug|Any CPU.ActiveCfg = Debug|Any CPU
		{58365CEF-03E1-4B81-9A06-A89A8EF1ED41}.Debug|Any CPU.Build.0 = Debug|Any CPU
		{58365CEF-03E1-4B81-9A06-A89A8EF1ED41}.Debug|ARM64.ActiveCfg = Debug|ARM64
		{58365CEF-03E1-4B81-9A06-A89A8EF1ED41}.Debug|ARM64.Build.0 = Debug|ARM64
		{58365CEF-03E1-4B81-9A06-A89A8EF1ED41}.Debug|x64.ActiveCfg = Debug|Any CPU
		{58365CEF-03E1-4B81-9A06-A89A8EF1ED41}.Debug|x64.Build.0 = Debug|Any CPU
		{58365CEF-03E1-4B81-9A06-A89A8EF1ED41}.Debug|x86.ActiveCfg = Debug|x86
		{58365CEF-03E1-4B81-9A06-A89A8EF1ED41}.Debug|x86.Build.0 = Debug|x86
		{58365CEF-03E1-4B81-9A06-A89A8EF1ED41}.Release|Any CPU.ActiveCfg = Release|Any CPU
		{58365CEF-03E1-4B81-9A06-A89A8EF1ED41}.Release|Any CPU.Build.0 = Release|Any CPU
		{58365CEF-03E1-4B81-9A06-A89A8EF1ED41}.Release|ARM64.ActiveCfg = Release|ARM64
		{58365CEF-03E1-4B81-9A06-A89A8EF1ED41}.Release|ARM64.Build.0 = Release|ARM64
		{58365CEF-03E1-4B81-9A06-A89A8EF1ED41}.Release|x64.ActiveCfg = Release|Any CPU
		{58365CEF-03E1-4B81-9A06-A89A8EF1ED41}.Release|x64.Build.0 = Release|Any CPU
		{58365CEF-03E1-4B81-9A06-A89A8EF1ED41}.Release|x86.ActiveCfg = Release|x86
		{58365CEF-03E1-4B81-9A06-A89A8EF1ED41}.Release|x86.Build.0 = Release|x86
		{0E6109D3-47A2-4756-A45F-E19D64D09613}.Debug|Any CPU.ActiveCfg = Debug|Any CPU
		{0E6109D3-47A2-4756-A45F-E19D64D09613}.Debug|Any CPU.Build.0 = Debug|Any CPU
		{0E6109D3-47A2-4756-A45F-E19D64D09613}.Debug|ARM64.ActiveCfg = Debug|Any CPU
		{0E6109D3-47A2-4756-A45F-E19D64D09613}.Debug|ARM64.Build.0 = Debug|Any CPU
		{0E6109D3-47A2-4756-A45F-E19D64D09613}.Debug|x64.ActiveCfg = Debug|Any CPU
		{0E6109D3-47A2-4756-A45F-E19D64D09613}.Debug|x64.Build.0 = Debug|Any CPU
		{0E6109D3-47A2-4756-A45F-E19D64D09613}.Debug|x86.ActiveCfg = Debug|Any CPU
		{0E6109D3-47A2-4756-A45F-E19D64D09613}.Debug|x86.Build.0 = Debug|Any CPU
		{0E6109D3-47A2-4756-A45F-E19D64D09613}.Release|Any CPU.ActiveCfg = Release|Any CPU
		{0E6109D3-47A2-4756-A45F-E19D64D09613}.Release|Any CPU.Build.0 = Release|Any CPU
		{0E6109D3-47A2-4756-A45F-E19D64D09613}.Release|ARM64.ActiveCfg = Release|Any CPU
		{0E6109D3-47A2-4756-A45F-E19D64D09613}.Release|ARM64.Build.0 = Release|Any CPU
		{0E6109D3-47A2-4756-A45F-E19D64D09613}.Release|x64.ActiveCfg = Release|Any CPU
		{0E6109D3-47A2-4756-A45F-E19D64D09613}.Release|x64.Build.0 = Release|Any CPU
		{0E6109D3-47A2-4756-A45F-E19D64D09613}.Release|x86.ActiveCfg = Release|Any CPU
		{0E6109D3-47A2-4756-A45F-E19D64D09613}.Release|x86.Build.0 = Release|Any CPU
	EndGlobalSection
	GlobalSection(SolutionProperties) = preSolution
		HideSolutionNode = FALSE
	EndGlobalSection
	GlobalSection(NestedProjects) = preSolution
		{DA33A8B6-2173-42CF-B858-757423A9581B} = {8CC1E22F-E912-480C-878E-C5DD45A3771D}
		{B05DA53B-1238-41EE-83BF-A1D75C7DB2C4} = {8CC1E22F-E912-480C-878E-C5DD45A3771D}
		{3B344945-2716-4787-BE67-1767D5194ED2} = {8CC1E22F-E912-480C-878E-C5DD45A3771D}
		{99A157D6-C946-4364-93E8-25C0DE35478F} = {8CC1E22F-E912-480C-878E-C5DD45A3771D}
		{34E6167B-2957-4F1E-BEB2-C9E0BABEFAD4} = {8CC1E22F-E912-480C-878E-C5DD45A3771D}
		{79A4E581-A412-47BE-AF5B-7E6077C6E352} = {8CC1E22F-E912-480C-878E-C5DD45A3771D}
		{B61E690F-4C4A-42A7-B5FD-F8239270736E} = {1218B168-9157-4A2B-A4D9-F091357D52E8}
		{3C98B564-421E-48FC-BF74-C87F457CA0D4} = {930F0DBF-1870-46EA-8C3E-0ABB20DB7F5A}
		{3908CE1E-F5FF-4F3F-B350-72CAFEC44971} = {930F0DBF-1870-46EA-8C3E-0ABB20DB7F5A}
		{D38E8301-051F-45B5-831B-B89D5534838F} = {EA555432-05EA-491B-B2DF-6890B12A1B68}
		{A2ABA881-F969-42D3-B927-39C7F6CAAF22} = {EA555432-05EA-491B-B2DF-6890B12A1B68}
		{0F53A9B1-DC5A-4385-BA3F-90B4193C7E15} = {EA555432-05EA-491B-B2DF-6890B12A1B68}
		{0FC144ED-D990-4F56-82F1-32C670AE8CC2} = {5AB7A0EA-A6C9-4F0A-AAFE-D3F751BD3E4B}
		{5E2FAB95-5F19-4471-9E61-49BB49475A96} = {7C6A6A38-F481-4C26-B617-D7B320197705}
		{C3115468-F025-4544-B779-576A9E760785} = {7C6A6A38-F481-4C26-B617-D7B320197705}
		{1A99D893-85D1-4323-9A5F-803C3F0DC1CE} = {730D570F-284D-4391-97F6-A86537CE4B29}
		{D3C1D9BB-D2E9-4D5B-8D94-3C5D367DC7CA} = {730D570F-284D-4391-97F6-A86537CE4B29}
		{43C8F0C3-27C3-4035-AD4F-2F7E01656B6A} = {F9C66C17-FA2E-49D2-8DCD-EDC0770C71BC}
		{A944EE8F-1B31-432C-AF74-DEC5BEDE7B93} = {F9C66C17-FA2E-49D2-8DCD-EDC0770C71BC}
		{869CBA54-727E-46E0-BA85-B46EE06560F5} = {19866333-0B00-4A08-AF5C-8CAA3244021B}
		{58365CEF-03E1-4B81-9A06-A89A8EF1ED41} = {19866333-0B00-4A08-AF5C-8CAA3244021B}
		{8F4B4010-6059-4CF0-9454-88521221A4EB} = {0428AA0E-1D7D-4F69-9FFB-AA0BCCDC5EF5}
		{0E6109D3-47A2-4756-A45F-E19D64D09613} = {19866333-0B00-4A08-AF5C-8CAA3244021B}
	EndGlobalSection
	GlobalSection(ExtensibilityGlobals) = postSolution
		SolutionGuid = {DEB08427-A0A7-431A-B457-7C39741CD38E}
	EndGlobalSection
EndGlobal
