
Microsoft Visual Studio Solution File, Format Version 12.00
# Visual Studio Version 17
VisualStudioVersion = 17.2.32630.192
MinimumVisualStudioVersion = 10.0.40219.1
Project("{2150E333-8FDC-42A3-9474-1A3956D46DE8}") = "Solution Items", "Solution Items", "{639D957A-7DB1-46A8-B51A-C221B805F3ED}"
	ProjectSection(SolutionItems) = preProject
		Notes.md = Notes.md
		README.md = README.md
	EndProjectSection
EndProject
Project("{2150E333-8FDC-42A3-9474-1A3956D46DE8}") = "ItemsControl", "ItemsControl", "{8CC1E22F-E912-480C-878E-C5DD45A3771D}"
EndProject
Project("{9A19103F-16F7-4668-BE54-9A1E7A4F7556}") = "Test0", "ItemsControl\Test0\Test0.csproj", "{DA33A8B6-2173-42CF-B858-757423A9581B}"
EndProject
Project("{2150E333-8FDC-42A3-9474-1A3956D46DE8}") = "Doc", "Doc", "{B05DA53B-1238-41EE-83BF-A1D75C7DB2C4}"
	ProjectSection(SolutionItems) = preProject
		..\..\..\TEMP\wpf-main\src\Microsoft.DotNet.Wpf\src\Themes\XAML\ContentControl.xaml = ..\..\..\TEMP\wpf-main\src\Microsoft.DotNet.Wpf\src\Themes\XAML\ContentControl.xaml
		HeaderedItemsControl.md = HeaderedItemsControl.md
		ItemsControl\Doc\ItemsControl.md = ItemsControl\Doc\ItemsControl.md
		..\..\..\TEMP\wpf-main\src\Microsoft.DotNet.Wpf\src\Themes\XAML\ItemsControl.xaml = ..\..\..\TEMP\wpf-main\src\Microsoft.DotNet.Wpf\src\Themes\XAML\ItemsControl.xaml
		ItemsControl\Doc\ListBox.md = ItemsControl\Doc\ListBox.md
		ItemsControl\Doc\TreeView.md = ItemsControl\Doc\TreeView.md
		..\..\..\TEMP\wpf-main\src\Microsoft.DotNet.Wpf\src\Themes\XAML\TreeViewItem.xaml = ..\..\..\TEMP\wpf-main\src\Microsoft.DotNet.Wpf\src\Themes\XAML\TreeViewItem.xaml
	EndProjectSection
EndProject
Project("{9A19103F-16F7-4668-BE54-9A1E7A4F7556}") = "TestListBox0", "ItemsControl\TestListBox0\TestListBox0.csproj", "{3B344945-2716-4787-BE67-1767D5194ED2}"
EndProject
Project("{9A19103F-16F7-4668-BE54-9A1E7A4F7556}") = "ItemsControlLib", "ItemsControl\ItemsControlLib\ItemsControlLib.csproj", "{99A157D6-C946-4364-93E8-25C0DE35478F}"
EndProject
Project("{9A19103F-16F7-4668-BE54-9A1E7A4F7556}") = "TestTreeView0", "ItemsControl\TestTreeView0\TestTreeView0.csproj", "{34E6167B-2957-4F1E-BEB2-C9E0BABEFAD4}"
EndProject
Project("{9A19103F-16F7-4668-BE54-9A1E7A4F7556}") = "Test_ItemsControl1", "ItemsControl\TestItemsControl1\Test_ItemsControl1.csproj", "{79A4E581-A412-47BE-AF5B-7E6077C6E352}"
EndProject
Project("{2150E333-8FDC-42A3-9474-1A3956D46DE8}") = "Tests", "Tests", "{1218B168-9157-4A2B-A4D9-F091357D52E8}"
EndProject
Project("{9A19103F-16F7-4668-BE54-9A1E7A4F7556}") = "Test0", "Test0\Test0.csproj", "{39B27CD6-9524-4F64-BE32-4CCB1C3F691E}"
EndProject
Project("{2150E333-8FDC-42A3-9474-1A3956D46DE8}") = "Doc", "Doc", "{042CBC3D-6731-475C-96C6-D1D1F31FCE1F}"
	ProjectSection(SolutionItems) = preProject
		Doc\Content.md = Doc\Content.md
		Control.md = Control.md
	EndProjectSection
EndProject
Project("{FAE04EC0-301F-11D3-BF4B-00C04F79EFBC}") = "ConsoleApp1", "Tests\ConsoleApp1\ConsoleApp1.csproj", "{F994E94A-642C-49E1-B540-46290E268577}"
EndProject
Global
	GlobalSection(SolutionConfigurationPlatforms) = preSolution
		Debug|Any CPU = Debug|Any CPU
		Release|Any CPU = Release|Any CPU
	EndGlobalSection
	GlobalSection(ProjectConfigurationPlatforms) = postSolution
		{DA33A8B6-2173-42CF-B858-757423A9581B}.Debug|Any CPU.ActiveCfg = Debug|Any CPU
		{DA33A8B6-2173-42CF-B858-757423A9581B}.Debug|Any CPU.Build.0 = Debug|Any CPU
		{DA33A8B6-2173-42CF-B858-757423A9581B}.Release|Any CPU.ActiveCfg = Release|Any CPU
		{DA33A8B6-2173-42CF-B858-757423A9581B}.Release|Any CPU.Build.0 = Release|Any CPU
		{3B344945-2716-4787-BE67-1767D5194ED2}.Debug|Any CPU.ActiveCfg = Debug|Any CPU
		{3B344945-2716-4787-BE67-1767D5194ED2}.Debug|Any CPU.Build.0 = Debug|Any CPU
		{3B344945-2716-4787-BE67-1767D5194ED2}.Release|Any CPU.ActiveCfg = Release|Any CPU
		{3B344945-2716-4787-BE67-1767D5194ED2}.Release|Any CPU.Build.0 = Release|Any CPU
		{99A157D6-C946-4364-93E8-25C0DE35478F}.Debug|Any CPU.ActiveCfg = Debug|Any CPU
		{99A157D6-C946-4364-93E8-25C0DE35478F}.Debug|Any CPU.Build.0 = Debug|Any CPU
		{99A157D6-C946-4364-93E8-25C0DE35478F}.Release|Any CPU.ActiveCfg = Release|Any CPU
		{99A157D6-C946-4364-93E8-25C0DE35478F}.Release|Any CPU.Build.0 = Release|Any CPU
		{34E6167B-2957-4F1E-BEB2-C9E0BABEFAD4}.Debug|Any CPU.ActiveCfg = Debug|Any CPU
		{34E6167B-2957-4F1E-BEB2-C9E0BABEFAD4}.Debug|Any CPU.Build.0 = Debug|Any CPU
		{34E6167B-2957-4F1E-BEB2-C9E0BABEFAD4}.Release|Any CPU.ActiveCfg = Release|Any CPU
		{34E6167B-2957-4F1E-BEB2-C9E0BABEFAD4}.Release|Any CPU.Build.0 = Release|Any CPU
		{79A4E581-A412-47BE-AF5B-7E6077C6E352}.Debug|Any CPU.ActiveCfg = Debug|Any CPU
		{79A4E581-A412-47BE-AF5B-7E6077C6E352}.Debug|Any CPU.Build.0 = Debug|Any CPU
		{79A4E581-A412-47BE-AF5B-7E6077C6E352}.Release|Any CPU.ActiveCfg = Release|Any CPU
		{79A4E581-A412-47BE-AF5B-7E6077C6E352}.Release|Any CPU.Build.0 = Release|Any CPU
		{39B27CD6-9524-4F64-BE32-4CCB1C3F691E}.Debug|Any CPU.ActiveCfg = Debug|Any CPU
		{39B27CD6-9524-4F64-BE32-4CCB1C3F691E}.Debug|Any CPU.Build.0 = Debug|Any CPU
		{39B27CD6-9524-4F64-BE32-4CCB1C3F691E}.Release|Any CPU.ActiveCfg = Release|Any CPU
		{39B27CD6-9524-4F64-BE32-4CCB1C3F691E}.Release|Any CPU.Build.0 = Release|Any CPU
		{F994E94A-642C-49E1-B540-46290E268577}.Debug|Any CPU.ActiveCfg = Debug|Any CPU
		{F994E94A-642C-49E1-B540-46290E268577}.Debug|Any CPU.Build.0 = Debug|Any CPU
		{F994E94A-642C-49E1-B540-46290E268577}.Release|Any CPU.ActiveCfg = Release|Any CPU
		{F994E94A-642C-49E1-B540-46290E268577}.Release|Any CPU.Build.0 = Release|Any CPU
	EndGlobalSection
	GlobalSection(SolutionProperties) = preSolution
		HideSolutionNode = FALSE
	EndGlobalSection
	GlobalSection(NestedProjects) = preSolution
		{DA33A8B6-2173-42CF-B858-757423A9581B} = {8CC1E22F-E912-480C-878E-C5DD45A3771D}
		{B05DA53B-1238-41EE-83BF-A1D75C7DB2C4} = {8CC1E22F-E912-480C-878E-C5DD45A3771D}
		{3B344945-2716-4787-BE67-1767D5194ED2} = {8CC1E22F-E912-480C-878E-C5DD45A3771D}
		{99A157D6-C946-4364-93E8-25C0DE35478F} = {8CC1E22F-E912-480C-878E-C5DD45A3771D}
		{34E6167B-2957-4F1E-BEB2-C9E0BABEFAD4} = {8CC1E22F-E912-480C-878E-C5DD45A3771D}
		{79A4E581-A412-47BE-AF5B-7E6077C6E352} = {8CC1E22F-E912-480C-878E-C5DD45A3771D}
		{39B27CD6-9524-4F64-BE32-4CCB1C3F691E} = {1218B168-9157-4A2B-A4D9-F091357D52E8}
		{F994E94A-642C-49E1-B540-46290E268577} = {1218B168-9157-4A2B-A4D9-F091357D52E8}
	EndGlobalSection
	GlobalSection(ExtensibilityGlobals) = postSolution
		SolutionGuid = {DEB08427-A0A7-431A-B457-7C39741CD38E}
	EndGlobalSection
EndGlobal
